schema_version: 2

audit:
  main_commit: d73f299fbb7cca81ead0a947765fd93f9d0c3fec
  product_version: "1.2.9"
  product_tag: rc-1.2.9
  audited_on: "2026-08-27"

reference:
  branch: opt/nativewindow-direct-present
  head: 3cb84963ef4f3ceae540ee8c0374e3819dfa048c
  direct_present_base: e646e74541673d1f8726f318e62c43b4d2033212
  motion_fix: 3c3c3f684a9747bee2519419cbbd9e337abd3966
  deadline_fix: 0d4ed2c5927b46757fa5aca59b607ef026be7587
  mapped_upload_fix: 103ad1207ad7a0300d21b243480ba266504c75b7

known_good:
  product_version: "1.2.8"
  product_tag: v1.2.8
  product_commit: 5a92254f3d6732b8a3987dbeb72eab568247a308
  evidence: docs/DXVK26_HEAVEN_MALEOON_FIX.md

protocol:
  whip_version: 10
  host_config_strings: 11

defaults:
  virgl_route: product-virgl
  vulkan_route: product-vulkan
  dxvk_shadow_selector: inline-gpu-upload-coverage-sort
  vkd3d_shadow_mode: precise
  vkd3d_dxvk_companion: modern-2.6

patches:
  vkd3d_map_width_sha256: 3ca5dcc5ef11355cde676b6661172ef1fd8afbf3b8a0cca2cc12307835017867
  vkd3d_execute_width_sha256: 05df7063e506822da27c8fa05c698eeb9c8af77b0b58296d6a2b96cb1db5763f

submodules:
  virglrenderer: 670ff19638724ba3e391c073d3e09fb2573246c9
  mesa: 2939cbb816d3a3c5fcf3147fb8436e105d0a0ee8
  dxvk: f3436e1796e0e4bab9406460380460a81e1aac69
  dxvk-modern: ff2d6a2c3d26a3c3098f8a490e4e4adc5aa4704b
  vkd3d-proton: 3e5aab6fb3e18f81a71b339be4cb5cdf55140980
  # 基准 = 父仓登记的 gitlink。产品在 thirdparty/wine 工作树上另有本地
  # cherry-pick (dnsapi/modal/noexec/theme/1px 圈, 见
  # docs/UPSTREAM_SYNC_POINT.md), 这些提交只存在于本机, 尚未推到
  # winehua/wine 分支, 因此这里只锁父仓可解析的基准指针。
  # 2026-09-16: 对齐 7d68686c (float32 WASAPI mix-format) 之后的实际指针;
  # 该提交当时只改了 gitlink, 漏改本锁, 使 graphics-contract-check 一直失败。
  wine: 993993b5daf16cb5c63fdee2e49224690d1f6f9b
