schema_version: 2

audit:
  main_commit: d73f299fbb7cca81ead0a947765fd93f9d0c3fec
  product_version: "1.2.9"
  product_tag: rc-1.2.9
  audited_on: "2026-08-27"

reference:
  branch: opt/nativewindow-direct-present
  head: 3cb84963ef4f3ceae540ee8c0374e3819dfa048c
  direct_present_base: e646e74541673d1f8726f318e62c43b4d2033212
  motion_fix: 3c3c3f684a9747bee2519419cbbd9e337abd3966
  deadline_fix: 0d4ed2c5927b46757fa5aca59b607ef026be7587
  mapped_upload_fix: 103ad1207ad7a0300d21b243480ba266504c75b7

known_good:
  product_version: "1.2.8"
  product_tag: v1.2.8
  product_commit: 5a92254f3d6732b8a3987dbeb72eab568247a308
  evidence: docs/DXVK26_HEAVEN_MALEOON_FIX.md

protocol:
  whip_version: 10
  host_config_strings: 11

defaults:
  virgl_route: product-virgl
  vulkan_route: product-vulkan
  dxvk_shadow_selector: inline-gpu-upload-coverage-sort
  vkd3d_shadow_mode: precise
  vkd3d_dxvk_companion: modern-2.6

patches:
  vkd3d_map_width_sha256: 3ca5dcc5ef11355cde676b6661172ef1fd8afbf3b8a0cca2cc12307835017867
  vkd3d_execute_width_sha256: 05df7063e506822da27c8fa05c698eeb9c8af77b0b58296d6a2b96cb1db5763f

submodules:
  virglrenderer: fde243e144d3c593033b614c386b7de2088f495a
  mesa: 2939cbb816d3a3c5fcf3147fb8436e105d0a0ee8
  dxvk: f3436e1796e0e4bab9406460380460a81e1aac69
  dxvk-modern: ff2d6a2c3d26a3c3098f8a490e4e4adc5aa4704b
  vkd3d-proton: 3e5aab6fb3e18f81a71b339be4cb5cdf55140980
  # 2026-09-16: 对齐 7d68686c (float32 WASAPI mix-format) 之后的实际指针;
  # 该提交当时只改了 gitlink, 漏改本锁, 使 graphics-contract-check 一直失败。
  # 两个子模块指针都已推到 winehua 分支, 因此锁的就是可解析的 gitlink:
  #   winehua/wine:sync/winehua-pad-fusion-inline
  #   winehua/virglrenderer:sync/winehua-pad-fusion-inline
  wine: 1cb1ac93e464fe6db019845f3451f50ef6fc78f4
